
Microsoft Visual Studio Solution File, Format Version 12.00
# Visual Studio Version 17
VisualStudioVersion = 17.5.002.0
MinimumVisualStudioVersion = 10.0.40219.1
Project("{9A19103F-16F7-4668-BE54-9A1E7A4F7556}") = "desafioatual", "desafioatual.csproj", "{769DE30C-605F-49BE-86C5-C6C705B917A6}"
EndProject
Global
	GlobalSection(SolutionConfigurationPlatforms) = preSolution
		Debug|Any CPU = Debug|Any CPU
		Release|Any CPU = Release|Any CPU
	EndGlobalSection
	GlobalSection(ProjectConfigurationPlatforms) = postSolution
		{769DE30C-605F-49BE-86C5-C6C705B917A6}.Debug|Any CPU.ActiveCfg = Debug|Any CPU
		{769DE30C-605F-49BE-86C5-C6C705B917A6}.Debug|Any CPU.Build.0 = Debug|Any CPU
		{769DE30C-605F-49BE-86C5-C6C705B917A6}.Release|Any CPU.ActiveCfg = Release|Any CPU
		{769DE30C-605F-49BE-86C5-C6C705B917A6}.Release|Any CPU.Build.0 = Release|Any CPU
	EndGlobalSection
	GlobalSection(SolutionProperties) = preSolution
		HideSolutionNode = FALSE
	EndGlobalSection
	GlobalSection(ExtensibilityGlobals) = postSolution
		SolutionGuid = {105F9D65-17C8-466C-B3D3-4028B3562E77}
	EndGlobalSection
EndGlobal
